
Microsoft Visual Studio Solution File, Format Version 12.00
# TcXaeShell Solution File, Format Version 11.00
VisualStudioVersion = 17.7.34302.85
MinimumVisualStudioVersion = 10.0.40219.1
Project("{B1E792BE-AA5F-4E3C-8C82-674BF9C0715B}") = "SPT_ModeManager", "SPT_ModeManager\SPT_ModeManager.tsproj", "{E01D0D13-CF91-4BDC-B752-02A38F032045}"
EndProject
Global
	GlobalSection(SolutionConfigurationPlatforms) = preSolution
		Debug|TwinCAT OS (ARMV7-A) = Debug|TwinCAT OS (ARMV7-A)
		Debug|TwinCAT OS (ARMV7-M) = Debug|TwinCAT OS (ARMV7-M)
		Debug|TwinCAT OS (ARMV8-A) = Debug|TwinCAT OS (ARMV8-A)
		Debug|TwinCAT OS (x64) = Debug|TwinCAT OS (x64)
		Debug|TwinCAT RT (x64) = Debug|TwinCAT RT (x64)
		Debug|TwinCAT RT (x86) = Debug|TwinCAT RT (x86)
		Release|TwinCAT OS (ARMV7-A) = Release|TwinCAT OS (ARMV7-A)
		Release|TwinCAT OS (ARMV7-M) = Release|TwinCAT OS (ARMV7-M)
		Release|TwinCAT OS (ARMV8-A) = Release|TwinCAT OS (ARMV8-A)
		Release|TwinCAT OS (x64) = Release|TwinCAT OS (x64)
		Release|TwinCAT RT (x64) = Release|TwinCAT RT (x64)
		Release|TwinCAT RT (x86) = Release|TwinCAT RT (x86)
	EndGlobalSection
	GlobalSection(ProjectConfigurationPlatforms) = postSolution
		{E01D0D13-CF91-4BDC-B752-02A38F032045}.Debug|TwinCAT OS (ARMV7-A).ActiveCfg = Debug|TwinCAT OS (ARMT2)
		{E01D0D13-CF91-4BDC-B752-02A38F032045}.Debug|TwinCAT OS (ARMV7-M).ActiveCfg = Debug|TwinCAT OS (ARMT2)
		{E01D0D13-CF91-4BDC-B752-02A38F032045}.Debug|TwinCAT OS (ARMV8-A).ActiveCfg = Debug|TwinCAT OS (ARMT2)
		{E01D0D13-CF91-4BDC-B752-02A38F032045}.Debug|TwinCAT OS (x64).ActiveCfg = Debug|TwinCAT OS (ARMT2)
		{E01D0D13-CF91-4BDC-B752-02A38F032045}.Debug|TwinCAT RT (x64).ActiveCfg = Debug|TwinCAT RT (x64)
		{E01D0D13-CF91-4BDC-B752-02A38F032045}.Debug|TwinCAT RT (x64).Build.0 = Debug|TwinCAT RT (x64)
		{E01D0D13-CF91-4BDC-B752-02A38F032045}.Debug|TwinCAT RT (x86).ActiveCfg = Debug|TwinCAT RT (x86)
		{E01D0D13-CF91-4BDC-B752-02A38F032045}.Debug|TwinCAT RT (x86).Build.0 = Debug|TwinCAT RT (x86)
		{E01D0D13-CF91-4BDC-B752-02A38F032045}.Release|TwinCAT OS (ARMV7-A).ActiveCfg = Release|TwinCAT OS (ARMT2)
		{E01D0D13-CF91-4BDC-B752-02A38F032045}.Release|TwinCAT OS (ARMV7-M).ActiveCfg = Release|TwinCAT OS (ARMT2)
		{E01D0D13-CF91-4BDC-B752-02A38F032045}.Release|TwinCAT OS (ARMV8-A).ActiveCfg = Release|TwinCAT OS (ARMT2)
		{E01D0D13-CF91-4BDC-B752-02A38F032045}.Release|TwinCAT OS (x64).ActiveCfg = Release|TwinCAT OS (ARMT2)
		{E01D0D13-CF91-4BDC-B752-02A38F032045}.Release|TwinCAT RT (x64).ActiveCfg = Release|TwinCAT RT (x64)
		{E01D0D13-CF91-4BDC-B752-02A38F032045}.Release|TwinCAT RT (x64).Build.0 = Release|TwinCAT RT (x64)
		{E01D0D13-CF91-4BDC-B752-02A38F032045}.Release|TwinCAT RT (x86).ActiveCfg = Release|TwinCAT RT (x86)
		{E01D0D13-CF91-4BDC-B752-02A38F032045}.Release|TwinCAT RT (x86).Build.0 = Release|TwinCAT RT (x86)
		{197B4B4B-D528-45A8-B670-0701025E5EA0}.Debug|TwinCAT OS (ARMV7-A).ActiveCfg = Debug|TwinCAT OS (ARMT2)
		{197B4B4B-D528-45A8-B670-0701025E5EA0}.Debug|TwinCAT OS (ARMV7-M).ActiveCfg = Debug|TwinCAT OS (ARMT2)
		{197B4B4B-D528-45A8-B670-0701025E5EA0}.Debug|TwinCAT OS (ARMV8-A).ActiveCfg = Debug|TwinCAT OS (ARMT2)
		{197B4B4B-D528-45A8-B670-0701025E5EA0}.Debug|TwinCAT OS (x64).ActiveCfg = Debug|TwinCAT OS (ARMT2)
		{197B4B4B-D528-45A8-B670-0701025E5EA0}.Debug|TwinCAT RT (x64).ActiveCfg = Debug|TwinCAT RT (x64)
		{197B4B4B-D528-45A8-B670-0701025E5EA0}.Debug|TwinCAT RT (x64).Build.0 = Debug|TwinCAT RT (x64)
		{197B4B4B-D528-45A8-B670-0701025E5EA0}.Debug|TwinCAT RT (x86).ActiveCfg = Debug|TwinCAT RT (x86)
		{197B4B4B-D528-45A8-B670-0701025E5EA0}.Debug|TwinCAT RT (x86).Build.0 = Debug|TwinCAT RT (x86)
		{197B4B4B-D528-45A8-B670-0701025E5EA0}.Release|TwinCAT OS (ARMV7-A).ActiveCfg = Release|TwinCAT OS (ARMT2)
		{197B4B4B-D528-45A8-B670-0701025E5EA0}.Release|TwinCAT OS (ARMV7-M).ActiveCfg = Release|TwinCAT OS (ARMT2)
		{197B4B4B-D528-45A8-B670-0701025E5EA0}.Release|TwinCAT OS (ARMV8-A).ActiveCfg = Release|TwinCAT OS (ARMT2)
		{197B4B4B-D528-45A8-B670-0701025E5EA0}.Release|TwinCAT OS (x64).ActiveCfg = Release|TwinCAT OS (ARMT2)
		{197B4B4B-D528-45A8-B670-0701025E5EA0}.Release|TwinCAT RT (x64).ActiveCfg = Release|TwinCAT RT (x64)
		{197B4B4B-D528-45A8-B670-0701025E5EA0}.Release|TwinCAT RT (x64).Build.0 = Release|TwinCAT RT (x64)
		{197B4B4B-D528-45A8-B670-0701025E5EA0}.Release|TwinCAT RT (x86).ActiveCfg = Release|TwinCAT RT (x86)
		{197B4B4B-D528-45A8-B670-0701025E5EA0}.Release|TwinCAT RT (x86).Build.0 = Release|TwinCAT RT (x86)
	EndGlobalSection
	GlobalSection(SolutionProperties) = preSolution
		HideSolutionNode = FALSE
	EndGlobalSection
	GlobalSection(ExtensibilityGlobals) = postSolution
		SolutionGuid = {38FF1458-A307-4A48-B49C-BF7CEC3352FE}
	EndGlobalSection
EndGlobal
